
Microsoft Visual Studio Solution File, Format Version 12.00
# Visual Studio Version 16
VisualStudioVersion = 16.0.29318.209
MinimumVisualStudioVersion = 10.0.40219.1
Project("{8BC9CEB8-8B4A-11D0-8D11-00A0C91BC942}") = "HW", "HW\HW.vcxproj", "{652D5472-7DE0-4A4D-A7B7-A7A20A43D5D0}"
EndProject
Global
	GlobalSection(SolutionConfigurationPlatforms) = preSolution
		Debug|x64 = Debug|x64
		Debug|x86 = Debug|x86
		Release|x64 = Release|x64
		Release|x86 = Release|x86
	EndGlobalSection
	GlobalSection(ProjectConfigurationPlatforms) = postSolution
		{652D5472-7DE0-4A4D-A7B7-A7A20A43D5D0}.Debug|x64.ActiveCfg = Debug|x64
		{652D5472-7DE0-4A4D-A7B7-A7A20A43D5D0}.Debug|x64.Build.0 = Debug|x64
		{652D5472-7DE0-4A4D-A7B7-A7A20A43D5D0}.Debug|x86.ActiveCfg = Debug|Win32
		{652D5472-7DE0-4A4D-A7B7-A7A20A43D5D0}.Debug|x86.Build.0 = Debug|Win32
		{652D5472-7DE0-4A4D-A7B7-A7A20A43D5D0}.Release|x64.ActiveCfg = Release|x64
		{652D5472-7DE0-4A4D-A7B7-A7A20A43D5D0}.Release|x64.Build.0 = Release|x64
		{652D5472-7DE0-4A4D-A7B7-A7A20A43D5D0}.Release|x86.ActiveCfg = Release|Win32
		{652D5472-7DE0-4A4D-A7B7-A7A20A43D5D0}.Release|x86.Build.0 = Release|Win32
	EndGlobalSection
	GlobalSection(SolutionProperties) = preSolution
		HideSolutionNode = FALSE
	EndGlobalSection
	GlobalSection(ExtensibilityGlobals) = postSolution
		SolutionGuid = {1FB26A17-9FA0-4066-9C38-D910084F786A}
	EndGlobalSection
EndGlobal
